
Microsoft Visual Studio Solution File, Format Version 12.00
# Visual Studio Version 16
VisualStudioVersion = 16.0.29102.190
MinimumVisualStudioVersion = 10.0.40219.1
Project("{9A19103F-16F7-4668-BE54-9A1E7A4F7556}") = "KernelArchetype", "KernelArchetype\KernelArchetype.csproj", "{58B0F517-B31A-4BD0-9699-88B06EF1B0B9}"
EndProject
Project("{9A19103F-16F7-4668-BE54-9A1E7A4F7556}") = "KernelArchetype.Services", "KernelArchetype.Services\KernelArchetype.Services.csproj", "{1F0FCAD3-37CA-4F94-B80D-649A2CB136A8}"
EndProject
Project("{9A19103F-16F7-4668-BE54-9A1E7A4F7556}") = "KernelArchetype.Dto", "KernelArchetype.Dto\KernelArchetype.Dto.csproj", "{4591273D-BD2A-4251-A7BD-D054DD11387F}"
EndProject
Project("{9A19103F-16F7-4668-BE54-9A1E7A4F7556}") = "KernelArchetype.Constants", "KernelArchetype.Constants\KernelArchetype.Constants.csproj", "{9B45C2E0-E48C-499F-9757-E2B0BD0B4D6C}"
EndProject
Project("{9A19103F-16F7-4668-BE54-9A1E7A4F7556}") = "DbMigration", "DbMigration\DbMigration.csproj", "{C7993202-6832-466E-A51C-B4D6523E7FA6}"
EndProject
Project("{9A19103F-16F7-4668-BE54-9A1E7A4F7556}") = "KernelArchetype.Repository", "KernelArchetype.Repository\KernelArchetype.Repository.csproj", "{C3DB5536-6B4C-4834-8C8A-BBAD66EAE8B0}"
EndProject
Project("{9A19103F-16F7-4668-BE54-9A1E7A4F7556}") = "KernelArchetype.Entities", "KernelArchetype.Entities\KernelArchetype.Entities.csproj", "{7E3EC20D-A5D8-44E8-AD9D-A29011A8B994}"
EndProject
Project("{9A19103F-16F7-4668-BE54-9A1E7A4F7556}") = "KernelArchetype.BackgroundProcessing", "KernelArchetype.BackgroundProcessing\KernelArchetype.BackgroundProcessing.csproj", "{92A2C91F-E3BB-4F5A-9650-8FAC88A6E4BC}"
EndProject
Global
	GlobalSection(SolutionConfigurationPlatforms) = preSolution
		Debug|Any CPU = Debug|Any CPU
		Production|Any CPU = Production|Any CPU
		Release|Any CPU = Release|Any CPU
		Staging|Any CPU = Staging|Any CPU
	EndGlobalSection
	GlobalSection(ProjectConfigurationPlatforms) = postSolution
		{58B0F517-B31A-4BD0-9699-88B06EF1B0B9}.Debug|Any CPU.ActiveCfg = Debug|Any CPU
		{58B0F517-B31A-4BD0-9699-88B06EF1B0B9}.Debug|Any CPU.Build.0 = Debug|Any CPU
		{58B0F517-B31A-4BD0-9699-88B06EF1B0B9}.Production|Any CPU.ActiveCfg = Production|Any CPU
		{58B0F517-B31A-4BD0-9699-88B06EF1B0B9}.Production|Any CPU.Build.0 = Production|Any CPU
		{58B0F517-B31A-4BD0-9699-88B06EF1B0B9}.Release|Any CPU.ActiveCfg = Release|Any CPU
		{58B0F517-B31A-4BD0-9699-88B06EF1B0B9}.Release|Any CPU.Build.0 = Release|Any CPU
		{58B0F517-B31A-4BD0-9699-88B06EF1B0B9}.Staging|Any CPU.ActiveCfg = Staging|Any CPU
		{58B0F517-B31A-4BD0-9699-88B06EF1B0B9}.Staging|Any CPU.Build.0 = Staging|Any CPU
		{1F0FCAD3-37CA-4F94-B80D-649A2CB136A8}.Debug|Any CPU.ActiveCfg = Debug|Any CPU
		{1F0FCAD3-37CA-4F94-B80D-649A2CB136A8}.Debug|Any CPU.Build.0 = Debug|Any CPU
		{1F0FCAD3-37CA-4F94-B80D-649A2CB136A8}.Production|Any CPU.ActiveCfg = Production|Any CPU
		{1F0FCAD3-37CA-4F94-B80D-649A2CB136A8}.Production|Any CPU.Build.0 = Production|Any CPU
		{1F0FCAD3-37CA-4F94-B80D-649A2CB136A8}.Release|Any CPU.ActiveCfg = Release|Any CPU
		{1F0FCAD3-37CA-4F94-B80D-649A2CB136A8}.Release|Any CPU.Build.0 = Release|Any CPU
		{1F0FCAD3-37CA-4F94-B80D-649A2CB136A8}.Staging|Any CPU.ActiveCfg = Staging|Any CPU
		{1F0FCAD3-37CA-4F94-B80D-649A2CB136A8}.Staging|Any CPU.Build.0 = Staging|Any CPU
		{4591273D-BD2A-4251-A7BD-D054DD11387F}.Debug|Any CPU.ActiveCfg = Debug|Any CPU
		{4591273D-BD2A-4251-A7BD-D054DD11387F}.Debug|Any CPU.Build.0 = Debug|Any CPU
		{4591273D-BD2A-4251-A7BD-D054DD11387F}.Production|Any CPU.ActiveCfg = Production|Any CPU
		{4591273D-BD2A-4251-A7BD-D054DD11387F}.Production|Any CPU.Build.0 = Production|Any CPU
		{4591273D-BD2A-4251-A7BD-D054DD11387F}.Release|Any CPU.ActiveCfg = Release|Any CPU
		{4591273D-BD2A-4251-A7BD-D054DD11387F}.Release|Any CPU.Build.0 = Release|Any CPU
		{4591273D-BD2A-4251-A7BD-D054DD11387F}.Staging|Any CPU.ActiveCfg = Staging|Any CPU
		{4591273D-BD2A-4251-A7BD-D054DD11387F}.Staging|Any CPU.Build.0 = Staging|Any CPU
		{9B45C2E0-E48C-499F-9757-E2B0BD0B4D6C}.Debug|Any CPU.ActiveCfg = Debug|Any CPU
		{9B45C2E0-E48C-499F-9757-E2B0BD0B4D6C}.Debug|Any CPU.Build.0 = Debug|Any CPU
		{9B45C2E0-E48C-499F-9757-E2B0BD0B4D6C}.Production|Any CPU.ActiveCfg = Production|Any CPU
		{9B45C2E0-E48C-499F-9757-E2B0BD0B4D6C}.Production|Any CPU.Build.0 = Production|Any CPU
		{9B45C2E0-E48C-499F-9757-E2B0BD0B4D6C}.Release|Any CPU.ActiveCfg = Release|Any CPU
		{9B45C2E0-E48C-499F-9757-E2B0BD0B4D6C}.Release|Any CPU.Build.0 = Release|Any CPU
		{9B45C2E0-E48C-499F-9757-E2B0BD0B4D6C}.Staging|Any CPU.ActiveCfg = Staging|Any CPU
		{9B45C2E0-E48C-499F-9757-E2B0BD0B4D6C}.Staging|Any CPU.Build.0 = Staging|Any CPU
		{C7993202-6832-466E-A51C-B4D6523E7FA6}.Debug|Any CPU.ActiveCfg = Debug|Any CPU
		{C7993202-6832-466E-A51C-B4D6523E7FA6}.Debug|Any CPU.Build.0 = Debug|Any CPU
		{C7993202-6832-466E-A51C-B4D6523E7FA6}.Production|Any CPU.ActiveCfg = Production|Any CPU
		{C7993202-6832-466E-A51C-B4D6523E7FA6}.Production|Any CPU.Build.0 = Production|Any CPU
		{C7993202-6832-466E-A51C-B4D6523E7FA6}.Release|Any CPU.ActiveCfg = Release|Any CPU
		{C7993202-6832-466E-A51C-B4D6523E7FA6}.Release|Any CPU.Build.0 = Release|Any CPU
		{C7993202-6832-466E-A51C-B4D6523E7FA6}.Staging|Any CPU.ActiveCfg = Staging|Any CPU
		{C7993202-6832-466E-A51C-B4D6523E7FA6}.Staging|Any CPU.Build.0 = Staging|Any CPU
		{C3DB5536-6B4C-4834-8C8A-BBAD66EAE8B0}.Debug|Any CPU.ActiveCfg = Debug|Any CPU
		{C3DB5536-6B4C-4834-8C8A-BBAD66EAE8B0}.Debug|Any CPU.Build.0 = Debug|Any CPU
		{C3DB5536-6B4C-4834-8C8A-BBAD66EAE8B0}.Production|Any CPU.ActiveCfg = Production|Any CPU
		{C3DB5536-6B4C-4834-8C8A-BBAD66EAE8B0}.Production|Any CPU.Build.0 = Production|Any CPU
		{C3DB5536-6B4C-4834-8C8A-BBAD66EAE8B0}.Release|Any CPU.ActiveCfg = Release|Any CPU
		{C3DB5536-6B4C-4834-8C8A-BBAD66EAE8B0}.Release|Any CPU.Build.0 = Release|Any CPU
		{C3DB5536-6B4C-4834-8C8A-BBAD66EAE8B0}.Staging|Any CPU.ActiveCfg = Staging|Any CPU
		{C3DB5536-6B4C-4834-8C8A-BBAD66EAE8B0}.Staging|Any CPU.Build.0 = Staging|Any CPU
		{7E3EC20D-A5D8-44E8-AD9D-A29011A8B994}.Debug|Any CPU.ActiveCfg = Debug|Any CPU
		{7E3EC20D-A5D8-44E8-AD9D-A29011A8B994}.Debug|Any CPU.Build.0 = Debug|Any CPU
		{7E3EC20D-A5D8-44E8-AD9D-A29011A8B994}.Production|Any CPU.ActiveCfg = Production|Any CPU
		{7E3EC20D-A5D8-44E8-AD9D-A29011A8B994}.Production|Any CPU.Build.0 = Production|Any CPU
		{7E3EC20D-A5D8-44E8-AD9D-A29011A8B994}.Release|Any CPU.ActiveCfg = Release|Any CPU
		{7E3EC20D-A5D8-44E8-AD9D-A29011A8B994}.Release|Any CPU.Build.0 = Release|Any CPU
		{7E3EC20D-A5D8-44E8-AD9D-A29011A8B994}.Staging|Any CPU.ActiveCfg = Staging|Any CPU
		{7E3EC20D-A5D8-44E8-AD9D-A29011A8B994}.Staging|Any CPU.Build.0 = Staging|Any CPU
		{92A2C91F-E3BB-4F5A-9650-8FAC88A6E4BC}.Debug|Any CPU.ActiveCfg = Debug|Any CPU
		{92A2C91F-E3BB-4F5A-9650-8FAC88A6E4BC}.Debug|Any CPU.Build.0 = Debug|Any CPU
		{92A2C91F-E3BB-4F5A-9650-8FAC88A6E4BC}.Production|Any CPU.ActiveCfg = Production|Any CPU
		{92A2C91F-E3BB-4F5A-9650-8FAC88A6E4BC}.Production|Any CPU.Build.0 = Production|Any CPU
		{92A2C91F-E3BB-4F5A-9650-8FAC88A6E4BC}.Release|Any CPU.ActiveCfg = Release|Any CPU
		{92A2C91F-E3BB-4F5A-9650-8FAC88A6E4BC}.Release|Any CPU.Build.0 = Release|Any CPU
		{92A2C91F-E3BB-4F5A-9650-8FAC88A6E4BC}.Staging|Any CPU.ActiveCfg = Staging|Any CPU
		{92A2C91F-E3BB-4F5A-9650-8FAC88A6E4BC}.Staging|Any CPU.Build.0 = Staging|Any CPU
	EndGlobalSection
	GlobalSection(SolutionProperties) = preSolution
		HideSolutionNode = FALSE
	EndGlobalSection
	GlobalSection(ExtensibilityGlobals) = postSolution
		SolutionGuid = {85B39BEF-17BA-4147-A74D-9CAEEA80BC03}
	EndGlobalSection
EndGlobal
